// !$*UTF8*$!
{
	archiveVersion = 1;
	classes = {
	};
	objectVersion = 50;
	objects = {

/* Begin PBXBuildFile section */
		230CAA6D2240F56800633F37 /* YBMFConfig.m in Sources */ = {isa = PBXBuildFile; fileRef = 230CAA6C2240F56800633F37 /* YBMFConfig.m */; };
		230CAA71224119A000633F37 /* YBMFFileNoteHandler.m in Sources */ = {isa = PBXBuildFile; fileRef = 230CAA70224119A000633F37 /* YBMFFileNoteHandler.m */; };
		231F752D2241D2FD005A59CB /* YBMFFileHHandler.m in Sources */ = {isa = PBXBuildFile; fileRef = 231F752C2241D2FD005A59CB /* YBMFFileHHandler.m */; };
		231F75302241D30B005A59CB /* YBMFFileMHandler.m in Sources */ = {isa = PBXBuildFile; fileRef = 231F752F2241D30B005A59CB /* YBMFFileMHandler.m */; };
		231F75332241E130005A59CB /* YBMFCodeForParentHandler.m in Sources */ = {isa = PBXBuildFile; fileRef = 231F75322241E130005A59CB /* YBMFCodeForParentHandler.m */; };
		231F7692224298A2005A59CB /* weibo_0.json in Resources */ = {isa = PBXBuildFile; fileRef = 231F7691224298A2005A59CB /* weibo_0.json */; };
		233D643A2240AE2400B74D30 /* YBMFNameHandler.m in Sources */ = {isa = PBXBuildFile; fileRef = 233D64392240AE2400B74D30 /* YBMFNameHandler.m */; };
		23949BD22271B74C00A65340 /* NSObject+YBMFConfig.m in Sources */ = {isa = PBXBuildFile; fileRef = 23949BD12271B74C00A65340 /* NSObject+YBMFConfig.m */; };
		23949BDE2271C23300A65340 /* WBTrendsModel.m in Sources */ = {isa = PBXBuildFile; fileRef = 23949BDD2271C23300A65340 /* WBTrendsModel.m */; };
		23AB8ADC223FD8F800C5849D /* YBMFNode.m in Sources */ = {isa = PBXBuildFile; fileRef = 23AB8ADB223FD8F800C5849D /* YBMFNode.m */; };
		23EB9F1F223F7D3800EE40FE /* AppDelegate.m in Sources */ = {isa = PBXBuildFile; fileRef = 23EB9F1E223F7D3800EE40FE /* AppDelegate.m */; };
		23EB9F22223F7D3800EE40FE /* ViewController.m in Sources */ = {isa = PBXBuildFile; fileRef = 23EB9F21223F7D3800EE40FE /* ViewController.m */; };
		23EB9F25223F7D3800EE40FE /* Main.storyboard in Resources */ = {isa = PBXBuildFile; fileRef = 23EB9F23223F7D3800EE40FE /* Main.storyboard */; };
		23EB9F27223F7D3900EE40FE /* Assets.xcassets in Resources */ = {isa = PBXBuildFile; fileRef = 23EB9F26223F7D3900EE40FE /* Assets.xcassets */; };
		23EB9F2A223F7D3900EE40FE /* LaunchScreen.storyboard in Resources */ = {isa = PBXBuildFile; fileRef = 23EB9F28223F7D3900EE40FE /* LaunchScreen.storyboard */; };
		23EB9F2D223F7D3900EE40FE /* main.m in Sources */ = {isa = PBXBuildFile; fileRef = 23EB9F2C223F7D3900EE40FE /* main.m */; };
		23EB9F36223F7DC500EE40FE /* YBModelFile.m in Sources */ = {isa = PBXBuildFile; fileRef = 23EB9F35223F7DC500EE40FE /* YBModelFile.m */; };
		2C4581067DFB62CE02313E66 /* Pods_YBModelFileDemo.framework in Frameworks */ = {isa = PBXBuildFile; fileRef = 6073E7F20FCB17881827D901 /* Pods_YBModelFileDemo.framework */; };
/* End PBXBuildFile section */

/* Begin PBXFileReference section */
		22BB225E8CD133FFE509711D /* Pods-YBModelFileDemo.debug.xcconfig */ = {isa = PBXFileReference; includeInIndex = 1; lastKnownFileType = text.xcconfig; name = "Pods-YBModelFileDemo.debug.xcconfig"; path = "Pods/Target Support Files/Pods-YBModelFileDemo/Pods-YBModelFileDemo.debug.xcconfig"; sourceTree = "<group>"; };
		230CAA6B2240F56800633F37 /* YBMFConfig.h */ = {isa = PBXFileReference; lastKnownFileType = sourcecode.c.h; path = YBMFConfig.h; sourceTree = "<group>"; };
		230CAA6C2240F56800633F37 /* YBMFConfig.m */ = {isa = PBXFileReference; lastKnownFileType = sourcecode.c.objc; path = YBMFConfig.m; sourceTree = "<group>"; };
		230CAA6F224119A000633F37 /* YBMFFileNoteHandler.h */ = {isa = PBXFileReference; lastKnownFileType = sourcecode.c.h; path = YBMFFileNoteHandler.h; sourceTree = "<group>"; };
		230CAA70224119A000633F37 /* YBMFFileNoteHandler.m */ = {isa = PBXFileReference; lastKnownFileType = sourcecode.c.objc; path = YBMFFileNoteHandler.m; sourceTree = "<group>"; };
		231F752B2241D2FD005A59CB /* YBMFFileHHandler.h */ = {isa = PBXFileReference; lastKnownFileType = sourcecode.c.h; path = YBMFFileHHandler.h; sourceTree = "<group>"; };
		231F752C2241D2FD005A59CB /* YBMFFileHHandler.m */ = {isa = PBXFileReference; lastKnownFileType = sourcecode.c.objc; path = YBMFFileHHandler.m; sourceTree = "<group>"; };
		231F752E2241D30B005A59CB /* YBMFFileMHandler.h */ = {isa = PBXFileReference; lastKnownFileType = sourcecode.c.h; path = YBMFFileMHandler.h; sourceTree = "<group>"; };
		231F752F2241D30B005A59CB /* YBMFFileMHandler.m */ = {isa = PBXFileReference; lastKnownFileType = sourcecode.c.objc; path = YBMFFileMHandler.m; sourceTree = "<group>"; };
		231F75312241E130005A59CB /* YBMFCodeForParentHandler.h */ = {isa = PBXFileReference; lastKnownFileType = sourcecode.c.h; path = YBMFCodeForParentHandler.h; sourceTree = "<group>"; };
		231F75322241E130005A59CB /* YBMFCodeForParentHandler.m */ = {isa = PBXFileReference; lastKnownFileType = sourcecode.c.objc; path = YBMFCodeForParentHandler.m; sourceTree = "<group>"; };
		231F753B22425FD3005A59CB /* PrefixHeader.pch */ = {isa = PBXFileReference; fileEncoding = 4; lastKnownFileType = sourcecode.c.h; path = PrefixHeader.pch; sourceTree = "<group>"; };
		231F7691224298A2005A59CB /* weibo_0.json */ = {isa = PBXFileReference; fileEncoding = 4; lastKnownFileType = text.json; path = weibo_0.json; sourceTree = "<group>"; };
		233D64382240AE2400B74D30 /* YBMFNameHandler.h */ = {isa = PBXFileReference; lastKnownFileType = sourcecode.c.h; path = YBMFNameHandler.h; sourceTree = "<group>"; };
		233D64392240AE2400B74D30 /* YBMFNameHandler.m */ = {isa = PBXFileReference; lastKnownFileType = sourcecode.c.objc; path = YBMFNameHandler.m; sourceTree = "<group>"; };
		23949BD02271B74C00A65340 /* NSObject+YBMFConfig.h */ = {isa = PBXFileReference; lastKnownFileType = sourcecode.c.h; path = "NSObject+YBMFConfig.h"; sourceTree = "<group>"; };
		23949BD12271B74C00A65340 /* NSObject+YBMFConfig.m */ = {isa = PBXFileReference; lastKnownFileType = sourcecode.c.objc; path = "NSObject+YBMFConfig.m"; sourceTree = "<group>"; };
		23949BDC2271C23300A65340 /* WBTrendsModel.h */ = {isa = PBXFileReference; fileEncoding = 4; lastKnownFileType = sourcecode.c.h; path = WBTrendsModel.h; sourceTree = "<group>"; };
		23949BDD2271C23300A65340 /* WBTrendsModel.m */ = {isa = PBXFileReference; fileEncoding = 4; lastKnownFileType = sourcecode.c.objc; path = WBTrendsModel.m; sourceTree = "<group>"; };
		23AB8ADA223FD8F800C5849D /* YBMFNode.h */ = {isa = PBXFileReference; lastKnownFileType = sourcecode.c.h; path = YBMFNode.h; sourceTree = "<group>"; };
		23AB8ADB223FD8F800C5849D /* YBMFNode.m */ = {isa = PBXFileReference; lastKnownFileType = sourcecode.c.objc; path = YBMFNode.m; sourceTree = "<group>"; };
		23EB9F1A223F7D3800EE40FE /* YBModelFileDemo.app */ = {isa = PBXFileReference; explicitFileType = wrapper.application; includeInIndex = 0; path = YBModelFileDemo.app; sourceTree = BUILT_PRODUCTS_DIR; };
		23EB9F1D223F7D3800EE40FE /* AppDelegate.h */ = {isa = PBXFileReference; lastKnownFileType = sourcecode.c.h; path = AppDelegate.h; sourceTree = "<group>"; };
		23EB9F1E223F7D3800EE40FE /* AppDelegate.m */ = {isa = PBXFileReference; lastKnownFileType = sourcecode.c.objc; path = AppDelegate.m; sourceTree = "<group>"; };
		23EB9F20223F7D3800EE40FE /* ViewController.h */ = {isa = PBXFileReference; lastKnownFileType = sourcecode.c.h; path = ViewController.h; sourceTree = "<group>"; };
		23EB9F21223F7D3800EE40FE /* ViewController.m */ = {isa = PBXFileReference; lastKnownFileType = sourcecode.c.objc; path = ViewController.m; sourceTree = "<group>"; };
		23EB9F24223F7D3800EE40FE /* Base */ = {isa = PBXFileReference; lastKnownFileType = file.storyboard; name = Base; path = Base.lproj/Main.storyboard; sourceTree = "<group>"; };
		23EB9F26223F7D3900EE40FE /* Assets.xcassets */ = {isa = PBXFileReference; lastKnownFileType = folder.assetcatalog; path = Assets.xcassets; sourceTree = "<group>"; };
		23EB9F29223F7D3900EE40FE /* Base */ = {isa = PBXFileReference; lastKnownFileType = file.storyboard; name = Base; path = Base.lproj/LaunchScreen.storyboard; sourceTree = "<group>"; };
		23EB9F2B223F7D3900EE40FE /* Info.plist */ = {isa = PBXFileReference; lastKnownFileType = text.plist.xml; path = Info.plist; sourceTree = "<group>"; };
		23EB9F2C223F7D3900EE40FE /* main.m */ = {isa = PBXFileReference; lastKnownFileType = sourcecode.c.objc; path = main.m; sourceTree = "<group>"; };
		23EB9F34223F7DC500EE40FE /* YBModelFile.h */ = {isa = PBXFileReference; lastKnownFileType = sourcecode.c.h; path = YBModelFile.h; sourceTree = "<group>"; };
		23EB9F35223F7DC500EE40FE /* YBModelFile.m */ = {isa = PBXFileReference; lastKnownFileType = sourcecode.c.objc; path = YBModelFile.m; sourceTree = "<group>"; };
		6073E7F20FCB17881827D901 /* Pods_YBModelFileDemo.framework */ = {isa = PBXFileReference; explicitFileType = wrapper.framework; includeInIndex = 0; path = Pods_YBModelFileDemo.framework; sourceTree = BUILT_PRODUCTS_DIR; };
		EA5DD98DF919720D45DE16D7 /* Pods-YBModelFileDemo.release.xcconfig */ = {isa = PBXFileReference; includeInIndex = 1; lastKnownFileType = text.xcconfig; name = "Pods-YBModelFileDemo.release.xcconfig"; path = "Pods/Target Support Files/Pods-YBModelFileDemo/Pods-YBModelFileDemo.release.xcconfig"; sourceTree = "<group>"; };
/* End PBXFileReference section */

/* Begin PBXFrameworksBuildPhase section */
		23EB9F17223F7D3800EE40FE /* Frameworks */ = {
			isa = PBXFrameworksBuildPhase;
			buildActionMask = 2147483647;
			files = (
				2C4581067DFB62CE02313E66 /* Pods_YBModelFileDemo.framework in Frameworks */,
			);
			runOnlyForDeploymentPostprocessing = 0;
		};
/* End PBXFrameworksBuildPhase section */

/* Begin PBXGroup section */
		230CAA6E2240F7C200633F37 /* Handler */ = {
			isa = PBXGroup;
			children = (
				233D64382240AE2400B74D30 /* YBMFNameHandler.h */,
				233D64392240AE2400B74D30 /* YBMFNameHandler.m */,
				230CAA6F224119A000633F37 /* YBMFFileNoteHandler.h */,
				230CAA70224119A000633F37 /* YBMFFileNoteHandler.m */,
				231F752B2241D2FD005A59CB /* YBMFFileHHandler.h */,
				231F752C2241D2FD005A59CB /* YBMFFileHHandler.m */,
				231F752E2241D30B005A59CB /* YBMFFileMHandler.h */,
				231F752F2241D30B005A59CB /* YBMFFileMHandler.m */,
				231F75312241E130005A59CB /* YBMFCodeForParentHandler.h */,
				231F75322241E130005A59CB /* YBMFCodeForParentHandler.m */,
			);
			path = Handler;
			sourceTree = "<group>";
		};
		231F758B224281F3005A59CB /* Node */ = {
			isa = PBXGroup;
			children = (
				23AB8ADA223FD8F800C5849D /* YBMFNode.h */,
				23AB8ADB223FD8F800C5849D /* YBMFNode.m */,
			);
			path = Node;
			sourceTree = "<group>";
		};
		23949BCF2271B73500A65340 /* Helper */ = {
			isa = PBXGroup;
			children = (
				23949BD02271B74C00A65340 /* NSObject+YBMFConfig.h */,
				23949BD12271B74C00A65340 /* NSObject+YBMFConfig.m */,
			);
			path = Helper;
			sourceTree = "<group>";
		};
		23949BDB2271C23300A65340 /* WBTrendsModel3 */ = {
			isa = PBXGroup;
			children = (
				23949BDC2271C23300A65340 /* WBTrendsModel.h */,
				23949BDD2271C23300A65340 /* WBTrendsModel.m */,
			);
			path = WBTrendsModel3;
			sourceTree = "<group>";
		};
		23EB9F11223F7D3800EE40FE = {
			isa = PBXGroup;
			children = (
				23EB9F1C223F7D3800EE40FE /* YBModelFileDemo */,
				23EB9F1B223F7D3800EE40FE /* Products */,
				B76A9D9A18496D1262A7E989 /* Pods */,
				3A354F3BD2AEE8A9B3A3B133 /* Frameworks */,
			);
			sourceTree = "<group>";
		};
		23EB9F1B223F7D3800EE40FE /* Products */ = {
			isa = PBXGroup;
			children = (
				23EB9F1A223F7D3800EE40FE /* YBModelFileDemo.app */,
			);
			name = Products;
			sourceTree = "<group>";
		};
		23EB9F1C223F7D3800EE40FE /* YBModelFileDemo */ = {
			isa = PBXGroup;
			children = (
				231F7691224298A2005A59CB /* weibo_0.json */,
				23EB9F33223F7DBC00EE40FE /* YBModelFile */,
				23EB9F1D223F7D3800EE40FE /* AppDelegate.h */,
				23EB9F1E223F7D3800EE40FE /* AppDelegate.m */,
				23949BDB2271C23300A65340 /* WBTrendsModel3 */,
				23EB9F20223F7D3800EE40FE /* ViewController.h */,
				23EB9F21223F7D3800EE40FE /* ViewController.m */,
				231F753B22425FD3005A59CB /* PrefixHeader.pch */,
				23EB9F23223F7D3800EE40FE /* Main.storyboard */,
				23EB9F26223F7D3900EE40FE /* Assets.xcassets */,
				23EB9F28223F7D3900EE40FE /* LaunchScreen.storyboard */,
				23EB9F2B223F7D3900EE40FE /* Info.plist */,
				23EB9F2C223F7D3900EE40FE /* main.m */,
			);
			path = YBModelFileDemo;
			sourceTree = "<group>";
		};
		23EB9F33223F7DBC00EE40FE /* YBModelFile */ = {
			isa = PBXGroup;
			children = (
				23949BCF2271B73500A65340 /* Helper */,
				231F758B224281F3005A59CB /* Node */,
				230CAA6E2240F7C200633F37 /* Handler */,
				23EB9F34223F7DC500EE40FE /* YBModelFile.h */,
				23EB9F35223F7DC500EE40FE /* YBModelFile.m */,
				230CAA6B2240F56800633F37 /* YBMFConfig.h */,
				230CAA6C2240F56800633F37 /* YBMFConfig.m */,
			);
			path = YBModelFile;
			sourceTree = SOURCE_ROOT;
		};
		3A354F3BD2AEE8A9B3A3B133 /* Frameworks */ = {
			isa = PBXGroup;
			children = (
				6073E7F20FCB17881827D901 /* Pods_YBModelFileDemo.framework */,
			);
			name = Frameworks;
			sourceTree = "<group>";
		};
		B76A9D9A18496D1262A7E989 /* Pods */ = {
			isa = PBXGroup;
			children = (
				22BB225E8CD133FFE509711D /* Pods-YBModelFileDemo.debug.xcconfig */,
				EA5DD98DF919720D45DE16D7 /* Pods-YBModelFileDemo.release.xcconfig */,
			);
			name = Pods;
			sourceTree = "<group>";
		};
/* End PBXGroup section */

/* Begin PBXNativeTarget section */
		23EB9F19223F7D3800EE40FE /* YBModelFileDemo */ = {
			isa = PBXNativeTarget;
			buildConfigurationList = 23EB9F30223F7D3900EE40FE /* Build configuration list for PBXNativeTarget "YBModelFileDemo" */;
			buildPhases = (
				313F9B1F8044F37C7FB4C585 /* [CP] Check Pods Manifest.lock */,
				23EB9F16223F7D3800EE40FE /* Sources */,
				23EB9F17223F7D3800EE40FE /* Frameworks */,
				23EB9F18223F7D3800EE40FE /* Resources */,
				7438DAF337B18550E5D5F027 /* [CP] Embed Pods Frameworks */,
			);
			buildRules = (
			);
			dependencies = (
			);
			name = YBModelFileDemo;
			productName = YBModelFileDemo;
			productReference = 23EB9F1A223F7D3800EE40FE /* YBModelFileDemo.app */;
			productType = "com.apple.product-type.application";
		};
/* End PBXNativeTarget section */

/* Begin PBXProject section */
		23EB9F12223F7D3800EE40FE /* Project object */ = {
			isa = PBXProject;
			attributes = {
				LastUpgradeCheck = 1000;
				ORGANIZATIONNAME = "杨波";
				TargetAttributes = {
					23EB9F19223F7D3800EE40FE = {
						CreatedOnToolsVersion = 10.0;
					};
				};
			};
			buildConfigurationList = 23EB9F15223F7D3800EE40FE /* Build configuration list for PBXProject "YBModelFileDemo" */;
			compatibilityVersion = "Xcode 9.3";
			developmentRegion = en;
			hasScannedForEncodings = 0;
			knownRegions = (
				en,
				Base,
			);
			mainGroup = 23EB9F11223F7D3800EE40FE;
			productRefGroup = 23EB9F1B223F7D3800EE40FE /* Products */;
			projectDirPath = "";
			projectRoot = "";
			targets = (
				23EB9F19223F7D3800EE40FE /* YBModelFileDemo */,
			);
		};
/* End PBXProject section */

/* Begin PBXResourcesBuildPhase section */
		23EB9F18223F7D3800EE40FE /* Resources */ = {
			isa = PBXResourcesBuildPhase;
			buildActionMask = 2147483647;
			files = (
				231F7692224298A2005A59CB /* weibo_0.json in Resources */,
				23EB9F2A223F7D3900EE40FE /* LaunchScreen.storyboard in Resources */,
				23EB9F27223F7D3900EE40FE /* Assets.xcassets in Resources */,
				23EB9F25223F7D3800EE40FE /* Main.storyboard in Resources */,
			);
			runOnlyForDeploymentPostprocessing = 0;
		};
/* End PBXResourcesBuildPhase section */

/* Begin PBXShellScriptBuildPhase section */
		313F9B1F8044F37C7FB4C585 /* [CP] Check Pods Manifest.lock */ = {
			isa = PBXShellScriptBuildPhase;
			buildActionMask = 2147483647;
			files = (
			);
			inputPaths = (
				"${PODS_PODFILE_DIR_PATH}/Podfile.lock",
				"${PODS_ROOT}/Manifest.lock",
			);
			name = "[CP] Check Pods Manifest.lock";
			outputPaths = (
				"$(DERIVED_FILE_DIR)/Pods-YBModelFileDemo-checkManifestLockResult.txt",
			);
			runOnlyForDeploymentPostprocessing = 0;
			shellPath = /bin/sh;
			shellScript = "diff \"${PODS_PODFILE_DIR_PATH}/Podfile.lock\" \"${PODS_ROOT}/Manifest.lock\" > /dev/null\nif [ $? != 0 ] ; then\n    # print error to STDERR\n    echo \"error: The sandbox is not in sync with the Podfile.lock. Run 'pod install' or update your CocoaPods installation.\" >&2\n    exit 1\nfi\n# This output is used by Xcode 'outputs' to avoid re-running this script phase.\necho \"SUCCESS\" > \"${SCRIPT_OUTPUT_FILE_0}\"\n";
			showEnvVarsInLog = 0;
		};
		7438DAF337B18550E5D5F027 /* [CP] Embed Pods Frameworks */ = {
			isa = PBXShellScriptBuildPhase;
			buildActionMask = 2147483647;
			files = (
			);
			inputPaths = (
				"${SRCROOT}/Pods/Target Support Files/Pods-YBModelFileDemo/Pods-YBModelFileDemo-frameworks.sh",
				"${BUILT_PRODUCTS_DIR}/MJExtension/MJExtension.framework",
				"${BUILT_PRODUCTS_DIR}/YYModel/YYModel.framework",
			);
			name = "[CP] Embed Pods Frameworks";
			outputPaths = (
				"${TARGET_BUILD_DIR}/${FRAMEWORKS_FOLDER_PATH}/MJExtension.framework",
				"${TARGET_BUILD_DIR}/${FRAMEWORKS_FOLDER_PATH}/YYModel.framework",
			);
			runOnlyForDeploymentPostprocessing = 0;
			shellPath = /bin/sh;
			shellScript = "\"${SRCROOT}/Pods/Target Support Files/Pods-YBModelFileDemo/Pods-YBModelFileDemo-frameworks.sh\"\n";
			showEnvVarsInLog = 0;
		};
/* End PBXShellScriptBuildPhase section */

/* Begin PBXSourcesBuildPhase section */
		23EB9F16223F7D3800EE40FE /* Sources */ = {
			isa = PBXSourcesBuildPhase;
			buildActionMask = 2147483647;
			files = (
				23EB9F36223F7DC500EE40FE /* YBModelFile.m in Sources */,
				23AB8ADC223FD8F800C5849D /* YBMFNode.m in Sources */,
				230CAA71224119A000633F37 /* YBMFFileNoteHandler.m in Sources */,
				230CAA6D2240F56800633F37 /* YBMFConfig.m in Sources */,
				23EB9F22223F7D3800EE40FE /* ViewController.m in Sources */,
				23EB9F2D223F7D3900EE40FE /* main.m in Sources */,
				23949BD22271B74C00A65340 /* NSObject+YBMFConfig.m in Sources */,
				23949BDE2271C23300A65340 /* WBTrendsModel.m in Sources */,
				231F75302241D30B005A59CB /* YBMFFileMHandler.m in Sources */,
				23EB9F1F223F7D3800EE40FE /* AppDelegate.m in Sources */,
				231F752D2241D2FD005A59CB /* YBMFFileHHandler.m in Sources */,
				231F75332241E130005A59CB /* YBMFCodeForParentHandler.m in Sources */,
				233D643A2240AE2400B74D30 /* YBMFNameHandler.m in Sources */,
			);
			runOnlyForDeploymentPostprocessing = 0;
		};
/* End PBXSourcesBuildPhase section */

/* Begin PBXVariantGroup section */
		23EB9F23223F7D3800EE40FE /* Main.storyboard */ = {
			isa = PBXVariantGroup;
			children = (
				23EB9F24223F7D3800EE40FE /* Base */,
			);
			name = Main.storyboard;
			sourceTree = "<group>";
		};
		23EB9F28223F7D3900EE40FE /* LaunchScreen.storyboard */ = {
			isa = PBXVariantGroup;
			children = (
				23EB9F29223F7D3900EE40FE /* Base */,
			);
			name = LaunchScreen.storyboard;
			sourceTree = "<group>";
		};
/* End PBXVariantGroup section */

/* Begin XCBuildConfiguration section */
		23EB9F2E223F7D3900EE40FE /* Debug */ = {
			isa = XCBuildConfiguration;
			buildSettings = {
				ALWAYS_SEARCH_USER_PATHS = NO;
				CLANG_ANALYZER_NONNULL = YES;
				CLANG_ANALYZER_NUMBER_OBJECT_CONVERSION = YES_AGGRESSIVE;
				CLANG_CXX_LANGUAGE_STANDARD = "gnu++14";
				CLANG_CXX_LIBRARY = "libc++";
				CLANG_ENABLE_MODULES = YES;
				CLANG_ENABLE_OBJC_ARC = YES;
				CLANG_ENABLE_OBJC_WEAK = YES;
				CLANG_WARN_BLOCK_CAPTURE_AUTORELEASING = YES;
				CLANG_WARN_BOOL_CONVERSION = YES;
				CLANG_WARN_COMMA = YES;
				CLANG_WARN_CONSTANT_CONVERSION = YES;
				CLANG_WARN_DEPRECATED_OBJC_IMPLEMENTATIONS = YES;
				CLANG_WARN_DIRECT_OBJC_ISA_USAGE = YES_ERROR;
				CLANG_WARN_DOCUMENTATION_COMMENTS = YES;
				CLANG_WARN_EMPTY_BODY = YES;
				CLANG_WARN_ENUM_CONVERSION = YES;
				CLANG_WARN_INFINITE_RECURSION = YES;
				CLANG_WARN_INT_CONVERSION = YES;
				CLANG_WARN_NON_LITERAL_NULL_CONVERSION = YES;
				CLANG_WARN_OBJC_IMPLICIT_RETAIN_SELF = YES;
				CLANG_WARN_OBJC_LITERAL_CONVERSION = YES;
				CLANG_WARN_OBJC_ROOT_CLASS = YES_ERROR;
				CLANG_WARN_RANGE_LOOP_ANALYSIS = YES;
				CLANG_WARN_STRICT_PROTOTYPES = YES;
				CLANG_WARN_SUSPICIOUS_MOVE = YES;
				CLANG_WARN_UNGUARDED_AVAILABILITY = YES_AGGRESSIVE;
				CLANG_WARN_UNREACHABLE_CODE = YES;
				CLANG_WARN__DUPLICATE_METHOD_MATCH = YES;
				CODE_SIGN_IDENTITY = "iPhone Developer";
				COPY_PHASE_STRIP = NO;
				DEBUG_INFORMATION_FORMAT = dwarf;
				ENABLE_STRICT_OBJC_MSGSEND = YES;
				ENABLE_TESTABILITY = YES;
				GCC_C_LANGUAGE_STANDARD = gnu11;
				GCC_DYNAMIC_NO_PIC = NO;
				GCC_NO_COMMON_BLOCKS = YES;
				GCC_OPTIMIZATION_LEVEL = 0;
				GCC_PREPROCESSOR_DEFINITIONS = (
					"DEBUG=1",
					"$(inherited)",
				);
				GCC_WARN_64_TO_32_BIT_CONVERSION = YES;
				GCC_WARN_ABOUT_RETURN_TYPE = YES_ERROR;
				GCC_WARN_UNDECLARED_SELECTOR = YES;
				GCC_WARN_UNINITIALIZED_AUTOS = YES_AGGRESSIVE;
				GCC_WARN_UNUSED_FUNCTION = YES;
				GCC_WARN_UNUSED_VARIABLE = YES;
				IPHONEOS_DEPLOYMENT_TARGET = 12.0;
				MTL_ENABLE_DEBUG_INFO = INCLUDE_SOURCE;
				MTL_FAST_MATH = YES;
				ONLY_ACTIVE_ARCH = YES;
				SDKROOT = iphoneos;
			};
			name = Debug;
		};
		23EB9F2F223F7D3900EE40FE /* Release */ = {
			isa = XCBuildConfiguration;
			buildSettings = {
				ALWAYS_SEARCH_USER_PATHS = NO;
				CLANG_ANALYZER_NONNULL = YES;
				CLANG_ANALYZER_NUMBER_OBJECT_CONVERSION = YES_AGGRESSIVE;
				CLANG_CXX_LANGUAGE_STANDARD = "gnu++14";
				CLANG_CXX_LIBRARY = "libc++";
				CLANG_ENABLE_MODULES = YES;
				CLANG_ENABLE_OBJC_ARC = YES;
				CLANG_ENABLE_OBJC_WEAK = YES;
				CLANG_WARN_BLOCK_CAPTURE_AUTORELEASING = YES;
				CLANG_WARN_BOOL_CONVERSION = YES;
				CLANG_WARN_COMMA = YES;
				CLANG_WARN_CONSTANT_CONVERSION = YES;
				CLANG_WARN_DEPRECATED_OBJC_IMPLEMENTATIONS = YES;
				CLANG_WARN_DIRECT_OBJC_ISA_USAGE = YES_ERROR;
				CLANG_WARN_DOCUMENTATION_COMMENTS = YES;
				CLANG_WARN_EMPTY_BODY = YES;
				CLANG_WARN_ENUM_CONVERSION = YES;
				CLANG_WARN_INFINITE_RECURSION = YES;
				CLANG_WARN_INT_CONVERSION = YES;
				CLANG_WARN_NON_LITERAL_NULL_CONVERSION = YES;
				CLANG_WARN_OBJC_IMPLICIT_RETAIN_SELF = YES;
				CLANG_WARN_OBJC_LITERAL_CONVERSION = YES;
				CLANG_WARN_OBJC_ROOT_CLASS = YES_ERROR;
				CLANG_WARN_RANGE_LOOP_ANALYSIS = YES;
				CLANG_WARN_STRICT_PROTOTYPES = YES;
				CLANG_WARN_SUSPICIOUS_MOVE = YES;
				CLANG_WARN_UNGUARDED_AVAILABILITY = YES_AGGRESSIVE;
				CLANG_WARN_UNREACHABLE_CODE = YES;
				CLANG_WARN__DUPLICATE_METHOD_MATCH = YES;
				CODE_SIGN_IDENTITY = "iPhone Developer";
				COPY_PHASE_STRIP = NO;
				DEBUG_INFORMATION_FORMAT = "dwarf-with-dsym";
				ENABLE_NS_ASSERTIONS = NO;
				ENABLE_STRICT_OBJC_MSGSEND = YES;
				GCC_C_LANGUAGE_STANDARD = gnu11;
				GCC_NO_COMMON_BLOCKS = YES;
				GCC_WARN_64_TO_32_BIT_CONVERSION = YES;
				GCC_WARN_ABOUT_RETURN_TYPE = YES_ERROR;
				GCC_WARN_UNDECLARED_SELECTOR = YES;
				GCC_WARN_UNINITIALIZED_AUTOS = YES_AGGRESSIVE;
				GCC_WARN_UNUSED_FUNCTION = YES;
				GCC_WARN_UNUSED_VARIABLE = YES;
				IPHONEOS_DEPLOYMENT_TARGET = 12.0;
				MTL_ENABLE_DEBUG_INFO = NO;
				MTL_FAST_MATH = YES;
				SDKROOT = iphoneos;
				VALIDATE_PRODUCT = YES;
			};
			name = Release;
		};
		23EB9F31223F7D3900EE40FE /* Debug */ = {
			isa = XCBuildConfiguration;
			baseConfigurationReference = 22BB225E8CD133FFE509711D /* Pods-YBModelFileDemo.debug.xcconfig */;
			buildSettings = {
				ASSETCATALOG_COMPILER_APPICON_NAME = AppIcon;
				CODE_SIGN_STYLE = Automatic;
				DEVELOPMENT_TEAM = UU8H9EQ986;
				GCC_PREFIX_HEADER = "$(SRCROOT)/YBModelFileDemo/PrefixHeader.pch";
				INFOPLIST_FILE = YBModelFileDemo/Info.plist;
				IPHONEOS_DEPLOYMENT_TARGET = 8.0;
				LD_RUNPATH_SEARCH_PATHS = (
					"$(inherited)",
					"@executable_path/Frameworks",
				);
				PRODUCT_BUNDLE_IDENTIFIER = yangbo.YBModelFileDemo1;
				PRODUCT_NAME = "$(TARGET_NAME)";
				TARGETED_DEVICE_FAMILY = "1,2";
			};
			name = Debug;
		};
		23EB9F32223F7D3900EE40FE /* Release */ = {
			isa = XCBuildConfiguration;
			baseConfigurationReference = EA5DD98DF919720D45DE16D7 /* Pods-YBModelFileDemo.release.xcconfig */;
			buildSettings = {
				ASSETCATALOG_COMPILER_APPICON_NAME = AppIcon;
				CODE_SIGN_STYLE = Automatic;
				DEVELOPMENT_TEAM = UU8H9EQ986;
				GCC_PREFIX_HEADER = "$(SRCROOT)/YBModelFileDemo/PrefixHeader.pch";
				INFOPLIST_FILE = YBModelFileDemo/Info.plist;
				IPHONEOS_DEPLOYMENT_TARGET = 8.0;
				LD_RUNPATH_SEARCH_PATHS = (
					"$(inherited)",
					"@executable_path/Frameworks",
				);
				PRODUCT_BUNDLE_IDENTIFIER = yangbo.YBModelFileDemo1;
				PRODUCT_NAME = "$(TARGET_NAME)";
				TARGETED_DEVICE_FAMILY = "1,2";
			};
			name = Release;
		};
/* End XCBuildConfiguration section */

/* Begin XCConfigurationList section */
		23EB9F15223F7D3800EE40FE /* Build configuration list for PBXProject "YBModelFileDemo" */ = {
			isa = XCConfigurationList;
			buildConfigurations = (
				23EB9F2E223F7D3900EE40FE /* Debug */,
				23EB9F2F223F7D3900EE40FE /* Release */,
			);
			defaultConfigurationIsVisible = 0;
			defaultConfigurationName = Release;
		};
		23EB9F30223F7D3900EE40FE /* Build configuration list for PBXNativeTarget "YBModelFileDemo" */ = {
			isa = XCConfigurationList;
			buildConfigurations = (
				23EB9F31223F7D3900EE40FE /* Debug */,
				23EB9F32223F7D3900EE40FE /* Release */,
			);
			defaultConfigurationIsVisible = 0;
			defaultConfigurationName = Release;
		};
/* End XCConfigurationList section */
	};
	rootObject = 23EB9F12223F7D3800EE40FE /* Project object */;
}
